# THIS IS AN AUTOGENERATED FILE. DO NOT EDIT THIS FILE DIRECTLY.
# yarn lockfile v1


arclight@^1.1.0:
  version "1.1.0"
  resolved "https://registry.yarnpkg.com/arclight/-/arclight-1.1.0.tgz#8905f986ec411063eaf09df45c7d2ed64c58ce7e"
  integrity sha512-hV/hpKuaMT7hEl2IS5X+kYB3mOX7M2CVW4TC+oQu7WYsX0a2Ofi5gm4WxEpojlxqi12YuQCgGoVo/xkjLX972g==
